# This file is auto-generated by `zz`. DO NOT EDIT.
# Checksum: d42b3703719b4273c87452e4d30f14afc1c5b6094cfade422b645bacc0a7ed67
version = 1
manifest_deps_hash = "421509578822d0b641a12366a58a09c998c34478545abfee3547cfe0970cf659"

[[deps]]
name = "ask"
version = "*"
source = "path"
hash = "0f90f5bea5ffbb1b9e5e27d40310e2bd9d19da301d87b72ef469cf73d2c7bbaf"

[[deps]]
name = "buf"
version = "*"
source = "path"
hash = "de8532b8e8fc5d38c1db8aafef20a80eb9419ec8ab48fcd356279fd2b61cc49d"

[[deps]]
name = "fallback"
version = "*"
source = "path"
hash = "de8532b8e8fc5d38c1db8aafef20a80eb9419ec8ab48fcd356279fd2b61cc49d"

[[deps]]
name = "keys"
version = "*"
source = "path"
hash = "de8532b8e8fc5d38c1db8aafef20a80eb9419ec8ab48fcd356279fd2b61cc49d"
