# This file is auto-generated by `zz`. DO NOT EDIT.
# Checksum: 3359eecd8220ecfa7070f37dd9832e4787ad1c65ecf3be8c3321b45597bd0e27
version = 1
manifest_deps_hash = "e0c15710c55064fbc1ee86b539175b1518ec96e8a6d1a2f0df710012bd4a4e4f"

[[deps]]
name = "path"
version = "*"
source = "path"
hash = "54da4a24676cb193ee699544fb783ad57963b9eba02cdf04e140d3473ad3f886"

[[deps]]
name = "keys"
version = "*"
source = "path"
hash = "54da4a24676cb193ee699544fb783ad57963b9eba02cdf04e140d3473ad3f886"

[[deps]]
name = "number"
version = "*"
source = "path"
hash = "54da4a24676cb193ee699544fb783ad57963b9eba02cdf04e140d3473ad3f886"

[[deps]]
name = "fallback"
version = "*"
source = "path"
hash = "54da4a24676cb193ee699544fb783ad57963b9eba02cdf04e140d3473ad3f886"

[[deps]]
name = "buf"
version = "*"
source = "path"
hash = "54da4a24676cb193ee699544fb783ad57963b9eba02cdf04e140d3473ad3f886"

[[deps]]
name = "search"
version = "*"
source = "path"
hash = "54da4a24676cb193ee699544fb783ad57963b9eba02cdf04e140d3473ad3f886"

[[deps]]
name = "ask"
version = "*"
source = "path"
hash = "5bb0f36832310b811d4a9109c63767d96252d7f63c0e9cc91d0f0cc014eaf5ab"
