# This file is auto-generated by `zz`. DO NOT EDIT.
# Checksum: af22452ae9342db699a53d46a5bde159c8db1d846719ec21c8c0d121bc4d5f3a
version = 1
manifest_deps_hash = "8b51a951199740a7336e3fc335dfb2514aa623893dba14a6e3eda1c1452d4b93"

[[deps]]
name = "browse"
version = "*"
source = "path"
hash = "6648fd11651ad4e54ca0f2ac8b71a23e02420c7ed2ec43d5c216e4d37475f6d8"

[[deps]]
name = "area"
version = "*"
source = "path"
hash = "6648fd11651ad4e54ca0f2ac8b71a23e02420c7ed2ec43d5c216e4d37475f6d8"

[[deps]]
name = "confirm"
version = "*"
source = "path"
hash = "6648fd11651ad4e54ca0f2ac8b71a23e02420c7ed2ec43d5c216e4d37475f6d8"

[[deps]]
name = "path"
version = "*"
source = "path"
hash = "6648fd11651ad4e54ca0f2ac8b71a23e02420c7ed2ec43d5c216e4d37475f6d8"

[[deps]]
name = "fallback"
version = "*"
source = "path"
hash = "6648fd11651ad4e54ca0f2ac8b71a23e02420c7ed2ec43d5c216e4d37475f6d8"

[[deps]]
name = "date"
version = "*"
source = "path"
hash = "6648fd11651ad4e54ca0f2ac8b71a23e02420c7ed2ec43d5c216e4d37475f6d8"

[[deps]]
name = "number"
version = "*"
source = "path"
hash = "6648fd11651ad4e54ca0f2ac8b71a23e02420c7ed2ec43d5c216e4d37475f6d8"

[[deps]]
name = "theme"
version = "*"
source = "path"
hash = "6648fd11651ad4e54ca0f2ac8b71a23e02420c7ed2ec43d5c216e4d37475f6d8"

[[deps]]
name = "keys"
version = "*"
source = "path"
hash = "6648fd11651ad4e54ca0f2ac8b71a23e02420c7ed2ec43d5c216e4d37475f6d8"

[[deps]]
name = "search"
version = "*"
source = "path"
hash = "6648fd11651ad4e54ca0f2ac8b71a23e02420c7ed2ec43d5c216e4d37475f6d8"

[[deps]]
name = "form"
version = "*"
source = "path"
hash = "6648fd11651ad4e54ca0f2ac8b71a23e02420c7ed2ec43d5c216e4d37475f6d8"

[[deps]]
name = "editor"
version = "*"
source = "path"
hash = "6648fd11651ad4e54ca0f2ac8b71a23e02420c7ed2ec43d5c216e4d37475f6d8"

[[deps]]
name = "buf"
version = "*"
source = "path"
hash = "6648fd11651ad4e54ca0f2ac8b71a23e02420c7ed2ec43d5c216e4d37475f6d8"

[[deps]]
name = "ask"
version = "*"
source = "path"
hash = "785a0515fe7207846e627d92e740e7f1eb2f4e1d1c3d281433cde0c7a325ae42"
