# This file is auto-generated by `zz`. DO NOT EDIT.
# Checksum: c6bea0a6c1dc374a1e0d8fc47335c98057670a32cf4ecbf03ecbd36b4d8210cc
version = 1
manifest_deps_hash = "6ee5c6fc45de57c73482b505bc6df0a5dfe0f0a942c91ec09c7eb298a383e0b6"

[[deps]]
name = "ask"
version = "*"
source = "path"
hash = "196db1976bd9394f74a448f6b4a5a87a111ae9b793cfd776ccd59ad0c0755944"
